
Microsoft Visual Studio Solution File, Format Version 12.00
# Visual Studio Version 17
VisualStudioVersion = 17.14.37012.4 d17.14
MinimumVisualStudioVersion = 10.0.40219.1
Project("{FAE04EC0-301F-11D3-BF4B-00C04F79EFBC}") = "BrainBox", "BrainBox\BrainBox.csproj", "{B46A4123-250D-47E9-B70C-22E0E1B8C541}"
EndProject
Global
	GlobalSection(SolutionConfigurationPlatforms) = preSolution
		Debug|Any CPU = Debug|Any CPU
		Release|Any CPU = Release|Any CPU
	EndGlobalSection
	GlobalSection(ProjectConfigurationPlatforms) = postSolution
		{B46A4123-250D-47E9-B70C-22E0E1B8C541}.Debug|Any CPU.ActiveCfg = Debug|Any CPU
		{B46A4123-250D-47E9-B70C-22E0E1B8C541}.Debug|Any CPU.Build.0 = Debug|Any CPU
		{B46A4123-250D-47E9-B70C-22E0E1B8C541}.Release|Any CPU.ActiveCfg = Release|Any CPU
		{B46A4123-250D-47E9-B70C-22E0E1B8C541}.Release|Any CPU.Build.0 = Release|Any CPU
	EndGlobalSection
	GlobalSection(SolutionProperties) = preSolution
		HideSolutionNode = FALSE
	EndGlobalSection
	GlobalSection(ExtensibilityGlobals) = postSolution
		SolutionGuid = {E33D97CB-38FD-4301-8CED-49330EA0BF82}
	EndGlobalSection
EndGlobal
